
Microsoft Visual Studio Solution File, Format Version 12.00
# Visual Studio Version 17
VisualStudioVersion = 17.3.32901.215
MinimumVisualStudioVersion = 10.0.40219.1
Project("{FAE04EC0-301F-11D3-BF4B-00C04F79EFBC}") = "Craft.Api", "Craft.Api\Craft.Api.csproj", "{8661B560-AAB2-44CD-A0EC-5E1D72641CB3}"
EndProject
Project("{FAE04EC0-301F-11D3-BF4B-00C04F79EFBC}") = "Craft.Application", "Craft.Application\Craft.Application.csproj", "{B2A4E579-74C8-4A35-867F-4087964AB62F}"
EndProject
Project("{FAE04EC0-301F-11D3-BF4B-00C04F79EFBC}") = "Craft.Domain", "Craft.Domain\Craft.Domain.csproj", "{E8781B54-07D1-4C44-BEB1-3CDE31D3E7D7}"
EndProject
Project("{FAE04EC0-301F-11D3-BF4B-00C04F79EFBC}") = "Craft.Persistence", "Craft.Persistence\Craft.Persistence.csproj", "{660C78E6-4A41-4B83-9B9C-575E74E81D1E}"
EndProject
Project("{FAE04EC0-301F-11D3-BF4B-00C04F79EFBC}") = "Craft.Infrastucture", "Infrastucture\Craft.Infrastucture.csproj", "{2E820EB5-DEC7-4037-857E-04AA0DF5FDCA}"
EndProject
Global
	GlobalSection(SolutionConfigurationPlatforms) = preSolution
		Debug|Any CPU = Debug|Any CPU
		Release|Any CPU = Release|Any CPU
	EndGlobalSection
	GlobalSection(ProjectConfigurationPlatforms) = postSolution
		{8661B560-AAB2-44CD-A0EC-5E1D72641CB3}.Debug|Any CPU.ActiveCfg = Debug|Any CPU
		{8661B560-AAB2-44CD-A0EC-5E1D72641CB3}.Debug|Any CPU.Build.0 = Debug|Any CPU
		{8661B560-AAB2-44CD-A0EC-5E1D72641CB3}.Release|Any CPU.ActiveCfg = Release|Any CPU
		{8661B560-AAB2-44CD-A0EC-5E1D72641CB3}.Release|Any CPU.Build.0 = Release|Any CPU
		{B2A4E579-74C8-4A35-867F-4087964AB62F}.Debug|Any CPU.ActiveCfg = Debug|Any CPU
		{B2A4E579-74C8-4A35-867F-4087964AB62F}.Debug|Any CPU.Build.0 = Debug|Any CPU
		{B2A4E579-74C8-4A35-867F-4087964AB62F}.Release|Any CPU.ActiveCfg = Release|Any CPU
		{B2A4E579-74C8-4A35-867F-4087964AB62F}.Release|Any CPU.Build.0 = Release|Any CPU
		{E8781B54-07D1-4C44-BEB1-3CDE31D3E7D7}.Debug|Any CPU.ActiveCfg = Debug|Any CPU
		{E8781B54-07D1-4C44-BEB1-3CDE31D3E7D7}.Debug|Any CPU.Build.0 = Debug|Any CPU
		{E8781B54-07D1-4C44-BEB1-3CDE31D3E7D7}.Release|Any CPU.ActiveCfg = Release|Any CPU
		{E8781B54-07D1-4C44-BEB1-3CDE31D3E7D7}.Release|Any CPU.Build.0 = Release|Any CPU
		{660C78E6-4A41-4B83-9B9C-575E74E81D1E}.Debug|Any CPU.ActiveCfg = Debug|Any CPU
		{660C78E6-4A41-4B83-9B9C-575E74E81D1E}.Debug|Any CPU.Build.0 = Debug|Any CPU
		{660C78E6-4A41-4B83-9B9C-575E74E81D1E}.Release|Any CPU.ActiveCfg = Release|Any CPU
		{660C78E6-4A41-4B83-9B9C-575E74E81D1E}.Release|Any CPU.Build.0 = Release|Any CPU
		{2E820EB5-DEC7-4037-857E-04AA0DF5FDCA}.Debug|Any CPU.ActiveCfg = Debug|Any CPU
		{2E820EB5-DEC7-4037-857E-04AA0DF5FDCA}.Debug|Any CPU.Build.0 = Debug|Any CPU
		{2E820EB5-DEC7-4037-857E-04AA0DF5FDCA}.Release|Any CPU.ActiveCfg = Release|Any CPU
		{2E820EB5-DEC7-4037-857E-04AA0DF5FDCA}.Release|Any CPU.Build.0 = Release|Any CPU
	EndGlobalSection
	GlobalSection(SolutionProperties) = preSolution
		HideSolutionNode = FALSE
	EndGlobalSection
	GlobalSection(ExtensibilityGlobals) = postSolution
		SolutionGuid = {3F8C724C-A68A-4AC8-A275-599ED94539EC}
	EndGlobalSection
EndGlobal
